
Microsoft Visual Studio Solution File, Format Version 12.00
# Visual Studio Version 17
VisualStudioVersion = 17.7.34003.232
MinimumVisualStudioVersion = 10.0.40219.1
Project("{FAE04EC0-301F-11D3-BF4B-00C04F79EFBC}") = "DemoFilesMonitor", "FilesTrackingSystem.UI\DemoFilesMonitor.csproj", "{FF2BC065-78CC-4D8E-9DD4-5B8E016BB1CE}"
EndProject
Global
	GlobalSection(SolutionConfigurationPlatforms) = preSolution
		Debug|Any CPU = Debug|Any CPU
		Release|Any CPU = Release|Any CPU
	EndGlobalSection
	GlobalSection(ProjectConfigurationPlatforms) = postSolution
		{FF2BC065-78CC-4D8E-9DD4-5B8E016BB1CE}.Debug|Any CPU.ActiveCfg = Debug|Any CPU
		{FF2BC065-78CC-4D8E-9DD4-5B8E016BB1CE}.Debug|Any CPU.Build.0 = Debug|Any CPU
		{FF2BC065-78CC-4D8E-9DD4-5B8E016BB1CE}.Release|Any CPU.ActiveCfg = Release|Any CPU
		{FF2BC065-78CC-4D8E-9DD4-5B8E016BB1CE}.Release|Any CPU.Build.0 = Release|Any CPU
	EndGlobalSection
	GlobalSection(SolutionProperties) = preSolution
		HideSolutionNode = FALSE
	EndGlobalSection
	GlobalSection(ExtensibilityGlobals) = postSolution
		SolutionGuid = {73BF3290-5A5F-48C9-8C6D-BD4FFC3F08DA}
	EndGlobalSection
EndGlobal
