
Microsoft Visual Studio Solution File, Format Version 12.00
# Visual Studio Version 16
VisualStudioVersion = 16.0.810.22
MinimumVisualStudioVersion = 10.0.40219.1
Project("{FAE04EC0-301F-11D3-BF4B-00C04F79EFBC}") = "BackgroundFileService.Console", "BackgroundFileManagerService\BackgroundFileService.Console.csproj", "{ED1D0C26-12CE-45BE-8972-27D782CF7B3B}"
EndProject
Project("{FAE04EC0-301F-11D3-BF4B-00C04F79EFBC}") = "BackgroundFileService.Business", "BackgroundFileManager.Business\BackgroundFileService.Business.csproj", "{D301EE4C-1E90-4C67-ABD7-232C80F113CC}"
EndProject
Global
	GlobalSection(SolutionConfigurationPlatforms) = preSolution
		Debug|Any CPU = Debug|Any CPU
		Release|Any CPU = Release|Any CPU
	EndGlobalSection
	GlobalSection(ProjectConfigurationPlatforms) = postSolution
		{ED1D0C26-12CE-45BE-8972-27D782CF7B3B}.Debug|Any CPU.ActiveCfg = Debug|Any CPU
		{ED1D0C26-12CE-45BE-8972-27D782CF7B3B}.Debug|Any CPU.Build.0 = Debug|Any CPU
		{ED1D0C26-12CE-45BE-8972-27D782CF7B3B}.Release|Any CPU.ActiveCfg = Release|Any CPU
		{ED1D0C26-12CE-45BE-8972-27D782CF7B3B}.Release|Any CPU.Build.0 = Release|Any CPU
		{D301EE4C-1E90-4C67-ABD7-232C80F113CC}.Debug|Any CPU.ActiveCfg = Debug|Any CPU
		{D301EE4C-1E90-4C67-ABD7-232C80F113CC}.Debug|Any CPU.Build.0 = Debug|Any CPU
		{D301EE4C-1E90-4C67-ABD7-232C80F113CC}.Release|Any CPU.ActiveCfg = Release|Any CPU
		{D301EE4C-1E90-4C67-ABD7-232C80F113CC}.Release|Any CPU.Build.0 = Release|Any CPU
	EndGlobalSection
	GlobalSection(SolutionProperties) = preSolution
		HideSolutionNode = FALSE
	EndGlobalSection
	GlobalSection(ExtensibilityGlobals) = postSolution
		SolutionGuid = {FD1D042D-4B0A-410D-8B44-BA6ECEB8F5DB}
	EndGlobalSection
EndGlobal
