
Microsoft Visual Studio Solution File, Format Version 12.00
# Visual Studio Version 17
VisualStudioVersion = 17.1.32421.90
MinimumVisualStudioVersion = 10.0.40219.1
Project("{9A19103F-16F7-4668-BE54-9A1E7A4F7556}") = "WordCounter.Business", "WordCounter.Business\WordCounter.Business.csproj", "{4A228B30-14B4-4E73-9A4D-7C29D3FD21D5}"
EndProject
Project("{9A19103F-16F7-4668-BE54-9A1E7A4F7556}") = "WordCounter.Console", "WordCounter.Console\WordCounter.Console.csproj", "{EA189121-6D32-4FDF-AB0B-F58B22B1BC13}"
EndProject
Project("{9A19103F-16F7-4668-BE54-9A1E7A4F7556}") = "WordCounter.Test", "WordCounter.Test\WordCounter.Test.csproj", "{5E0CBBE3-D295-4166-AC70-AA471E21B69F}"
EndProject
Global
	GlobalSection(SolutionConfigurationPlatforms) = preSolution
		Debug|Any CPU = Debug|Any CPU
		Release|Any CPU = Release|Any CPU
	EndGlobalSection
	GlobalSection(ProjectConfigurationPlatforms) = postSolution
		{4A228B30-14B4-4E73-9A4D-7C29D3FD21D5}.Debug|Any CPU.ActiveCfg = Debug|Any CPU
		{4A228B30-14B4-4E73-9A4D-7C29D3FD21D5}.Debug|Any CPU.Build.0 = Debug|Any CPU
		{4A228B30-14B4-4E73-9A4D-7C29D3FD21D5}.Release|Any CPU.ActiveCfg = Release|Any CPU
		{4A228B30-14B4-4E73-9A4D-7C29D3FD21D5}.Release|Any CPU.Build.0 = Release|Any CPU
		{EA189121-6D32-4FDF-AB0B-F58B22B1BC13}.Debug|Any CPU.ActiveCfg = Debug|Any CPU
		{EA189121-6D32-4FDF-AB0B-F58B22B1BC13}.Debug|Any CPU.Build.0 = Debug|Any CPU
		{EA189121-6D32-4FDF-AB0B-F58B22B1BC13}.Release|Any CPU.ActiveCfg = Release|Any CPU
		{EA189121-6D32-4FDF-AB0B-F58B22B1BC13}.Release|Any CPU.Build.0 = Release|Any CPU
		{5E0CBBE3-D295-4166-AC70-AA471E21B69F}.Debug|Any CPU.ActiveCfg = Debug|Any CPU
		{5E0CBBE3-D295-4166-AC70-AA471E21B69F}.Debug|Any CPU.Build.0 = Debug|Any CPU
		{5E0CBBE3-D295-4166-AC70-AA471E21B69F}.Release|Any CPU.ActiveCfg = Release|Any CPU
		{5E0CBBE3-D295-4166-AC70-AA471E21B69F}.Release|Any CPU.Build.0 = Release|Any CPU
	EndGlobalSection
	GlobalSection(SolutionProperties) = preSolution
		HideSolutionNode = FALSE
	EndGlobalSection
	GlobalSection(ExtensibilityGlobals) = postSolution
		SolutionGuid = {AACBED76-9FA9-46B0-855D-0E3FFF99A928}
	EndGlobalSection
EndGlobal
