
Microsoft Visual Studio Solution File, Format Version 12.00
# Visual Studio Version 16
VisualStudioVersion = 16.0.810.19
MinimumVisualStudioVersion = 10.0.40219.1
Project("{FAE04EC0-301F-11D3-BF4B-00C04F79EFBC}") = "SentenceComposer.UI", "SentenceComposer\SentenceComposer.UI.csproj", "{72C7745E-B77D-4BD9-948B-73CD7E6E91CB}"
EndProject
Project("{FAE04EC0-301F-11D3-BF4B-00C04F79EFBC}") = "SentenceComposer.Tests", "SentenceComposerTests\SentenceComposer.Tests.csproj", "{86DDCDED-2166-434E-A6F6-61439F833DA6}"
EndProject
Project("{FAE04EC0-301F-11D3-BF4B-00C04F79EFBC}") = "SentenceComposer.Business", "SentenceComposer.Business\SentenceComposer.Business.csproj", "{2408A167-39C3-4C74-928C-5BB13A745531}"
EndProject
Global
	GlobalSection(SolutionConfigurationPlatforms) = preSolution
		Debug|Any CPU = Debug|Any CPU
		Release|Any CPU = Release|Any CPU
	EndGlobalSection
	GlobalSection(ProjectConfigurationPlatforms) = postSolution
		{72C7745E-B77D-4BD9-948B-73CD7E6E91CB}.Debug|Any CPU.ActiveCfg = Debug|Any CPU
		{72C7745E-B77D-4BD9-948B-73CD7E6E91CB}.Debug|Any CPU.Build.0 = Debug|Any CPU
		{72C7745E-B77D-4BD9-948B-73CD7E6E91CB}.Release|Any CPU.ActiveCfg = Release|Any CPU
		{72C7745E-B77D-4BD9-948B-73CD7E6E91CB}.Release|Any CPU.Build.0 = Release|Any CPU
		{86DDCDED-2166-434E-A6F6-61439F833DA6}.Debug|Any CPU.ActiveCfg = Debug|Any CPU
		{86DDCDED-2166-434E-A6F6-61439F833DA6}.Debug|Any CPU.Build.0 = Debug|Any CPU
		{86DDCDED-2166-434E-A6F6-61439F833DA6}.Release|Any CPU.ActiveCfg = Release|Any CPU
		{86DDCDED-2166-434E-A6F6-61439F833DA6}.Release|Any CPU.Build.0 = Release|Any CPU
		{2408A167-39C3-4C74-928C-5BB13A745531}.Debug|Any CPU.ActiveCfg = Debug|Any CPU
		{2408A167-39C3-4C74-928C-5BB13A745531}.Debug|Any CPU.Build.0 = Debug|Any CPU
		{2408A167-39C3-4C74-928C-5BB13A745531}.Release|Any CPU.ActiveCfg = Release|Any CPU
		{2408A167-39C3-4C74-928C-5BB13A745531}.Release|Any CPU.Build.0 = Release|Any CPU
	EndGlobalSection
	GlobalSection(SolutionProperties) = preSolution
		HideSolutionNode = FALSE
	EndGlobalSection
	GlobalSection(ExtensibilityGlobals) = postSolution
		SolutionGuid = {B09965DF-B484-4C5A-9079-E9F2091DB6D7}
	EndGlobalSection
EndGlobal
