
Microsoft Visual Studio Solution File, Format Version 12.00
# Visual Studio Version 16
VisualStudioVersion = 16.0.810.22
MinimumVisualStudioVersion = 10.0.40219.1
Project("{FAE04EC0-301F-11D3-BF4B-00C04F79EFBC}") = "BinaryTree.Business", "BinaryTree.Business\BinaryTree.Business.csproj", "{1AE1B9EE-E47F-4960-B380-834C98D9509E}"
EndProject
Project("{FAE04EC0-301F-11D3-BF4B-00C04F79EFBC}") = "BinaryTree.Console", "BinaryTree.Console\BinaryTree.Console.csproj", "{5926A47A-7F9E-40A5-8F99-D0456210DBA0}"
EndProject
Global
	GlobalSection(SolutionConfigurationPlatforms) = preSolution
		Debug|Any CPU = Debug|Any CPU
		Release|Any CPU = Release|Any CPU
	EndGlobalSection
	GlobalSection(ProjectConfigurationPlatforms) = postSolution
		{1AE1B9EE-E47F-4960-B380-834C98D9509E}.Debug|Any CPU.ActiveCfg = Debug|Any CPU
		{1AE1B9EE-E47F-4960-B380-834C98D9509E}.Debug|Any CPU.Build.0 = Debug|Any CPU
		{1AE1B9EE-E47F-4960-B380-834C98D9509E}.Release|Any CPU.ActiveCfg = Release|Any CPU
		{1AE1B9EE-E47F-4960-B380-834C98D9509E}.Release|Any CPU.Build.0 = Release|Any CPU
		{5926A47A-7F9E-40A5-8F99-D0456210DBA0}.Debug|Any CPU.ActiveCfg = Debug|Any CPU
		{5926A47A-7F9E-40A5-8F99-D0456210DBA0}.Debug|Any CPU.Build.0 = Debug|Any CPU
		{5926A47A-7F9E-40A5-8F99-D0456210DBA0}.Release|Any CPU.ActiveCfg = Release|Any CPU
		{5926A47A-7F9E-40A5-8F99-D0456210DBA0}.Release|Any CPU.Build.0 = Release|Any CPU
	EndGlobalSection
	GlobalSection(SolutionProperties) = preSolution
		HideSolutionNode = FALSE
	EndGlobalSection
	GlobalSection(ExtensibilityGlobals) = postSolution
		SolutionGuid = {8B7A3167-B0D8-46B0-A22B-4A8445984B41}
	EndGlobalSection
EndGlobal
