
Microsoft Visual Studio Solution File, Format Version 12.00
# Visual Studio Version 16
VisualStudioVersion = 16.0.810.21
MinimumVisualStudioVersion = 10.0.40219.1
Project("{FAE04EC0-301F-11D3-BF4B-00C04F79EFBC}") = "MyIEnumerable", "MyIEnumerable\MyIEnumerable.csproj", "{A22D5341-A786-4C30-9DAE-2845F80D9E6D}"
EndProject
Global
	GlobalSection(SolutionConfigurationPlatforms) = preSolution
		Debug|Any CPU = Debug|Any CPU
		Release|Any CPU = Release|Any CPU
	EndGlobalSection
	GlobalSection(ProjectConfigurationPlatforms) = postSolution
		{A22D5341-A786-4C30-9DAE-2845F80D9E6D}.Debug|Any CPU.ActiveCfg = Debug|Any CPU
		{A22D5341-A786-4C30-9DAE-2845F80D9E6D}.Debug|Any CPU.Build.0 = Debug|Any CPU
		{A22D5341-A786-4C30-9DAE-2845F80D9E6D}.Release|Any CPU.ActiveCfg = Release|Any CPU
		{A22D5341-A786-4C30-9DAE-2845F80D9E6D}.Release|Any CPU.Build.0 = Release|Any CPU
	EndGlobalSection
	GlobalSection(SolutionProperties) = preSolution
		HideSolutionNode = FALSE
	EndGlobalSection
	GlobalSection(ExtensibilityGlobals) = postSolution
		SolutionGuid = {61ABEB2E-9141-4FEF-B02D-4A88FE3B06D5}
	EndGlobalSection
EndGlobal
