
Microsoft Visual Studio Solution File, Format Version 12.00
# Visual Studio Version 16
VisualStudioVersion = 16.0.810.18
MinimumVisualStudioVersion = 10.0.40219.1
Project("{FAE04EC0-301F-11D3-BF4B-00C04F79EFBC}") = "CyclicTask", "CyclicTask\CyclicTask.csproj", "{6A17CCF4-EE16-41F2-94FE-D01E647A0332}"
EndProject
Global
	GlobalSection(SolutionConfigurationPlatforms) = preSolution
		Debug|Any CPU = Debug|Any CPU
		Release|Any CPU = Release|Any CPU
	EndGlobalSection
	GlobalSection(ProjectConfigurationPlatforms) = postSolution
		{6A17CCF4-EE16-41F2-94FE-D01E647A0332}.Debug|Any CPU.ActiveCfg = Debug|Any CPU
		{6A17CCF4-EE16-41F2-94FE-D01E647A0332}.Debug|Any CPU.Build.0 = Debug|Any CPU
		{6A17CCF4-EE16-41F2-94FE-D01E647A0332}.Release|Any CPU.ActiveCfg = Release|Any CPU
		{6A17CCF4-EE16-41F2-94FE-D01E647A0332}.Release|Any CPU.Build.0 = Release|Any CPU
	EndGlobalSection
	GlobalSection(SolutionProperties) = preSolution
		HideSolutionNode = FALSE
	EndGlobalSection
	GlobalSection(ExtensibilityGlobals) = postSolution
		SolutionGuid = {99EC4755-99AA-4C81-BF5E-9D1CAB8B63DC}
	EndGlobalSection
EndGlobal
