
Microsoft Visual Studio Solution File, Format Version 12.00
# Visual Studio 15
VisualStudioVersion = 15.0.26403.7
MinimumVisualStudioVersion = 10.0.40219.1
Project("{FAE04EC0-301F-11D3-BF4B-00C04F79EFBC}") = "AdvertisingAgency", "AdvertisingAgency\AdvertisingAgency.csproj", "{834207E3-C6DD-48E9-ACEE-9ED94CA3E87B}"
EndProject
Global
	GlobalSection(SolutionConfigurationPlatforms) = preSolution
		Debug|Any CPU = Debug|Any CPU
		Release|Any CPU = Release|Any CPU
	EndGlobalSection
	GlobalSection(ProjectConfigurationPlatforms) = postSolution
		{834207E3-C6DD-48E9-ACEE-9ED94CA3E87B}.Debug|Any CPU.ActiveCfg = Debug|Any CPU
		{834207E3-C6DD-48E9-ACEE-9ED94CA3E87B}.Debug|Any CPU.Build.0 = Debug|Any CPU
		{834207E3-C6DD-48E9-ACEE-9ED94CA3E87B}.Release|Any CPU.ActiveCfg = Release|Any CPU
		{834207E3-C6DD-48E9-ACEE-9ED94CA3E87B}.Release|Any CPU.Build.0 = Release|Any CPU
	EndGlobalSection
	GlobalSection(SolutionProperties) = preSolution
		HideSolutionNode = FALSE
	EndGlobalSection
EndGlobal
