
Microsoft Visual Studio Solution File, Format Version 12.00
# Visual Studio Version 16
VisualStudioVersion = 16.0.810.19
MinimumVisualStudioVersion = 10.0.40219.1
Project("{FAE04EC0-301F-11D3-BF4B-00C04F79EFBC}") = "ConsoleApp.Presentation", "ConsoleApp.Presnetation\ConsoleApp.Presentation.csproj", "{3D3E5A6A-D923-4998-B947-0A284B5ED6F6}"
EndProject
Project("{FAE04EC0-301F-11D3-BF4B-00C04F79EFBC}") = "Business", "Business\Business.csproj", "{BE81D57E-63C7-4F0D-9985-D3C1D1393DA9}"
EndProject
Project("{FAE04EC0-301F-11D3-BF4B-00C04F79EFBC}") = "Tests", "Tests\Tests.csproj", "{132FDC4D-6CD8-40D9-BA30-D1C39E0E492F}"
EndProject
Global
	GlobalSection(SolutionConfigurationPlatforms) = preSolution
		Debug|Any CPU = Debug|Any CPU
		Release|Any CPU = Release|Any CPU
	EndGlobalSection
	GlobalSection(ProjectConfigurationPlatforms) = postSolution
		{3D3E5A6A-D923-4998-B947-0A284B5ED6F6}.Debug|Any CPU.ActiveCfg = Debug|Any CPU
		{3D3E5A6A-D923-4998-B947-0A284B5ED6F6}.Debug|Any CPU.Build.0 = Debug|Any CPU
		{3D3E5A6A-D923-4998-B947-0A284B5ED6F6}.Release|Any CPU.ActiveCfg = Release|Any CPU
		{3D3E5A6A-D923-4998-B947-0A284B5ED6F6}.Release|Any CPU.Build.0 = Release|Any CPU
		{BE81D57E-63C7-4F0D-9985-D3C1D1393DA9}.Debug|Any CPU.ActiveCfg = Debug|Any CPU
		{BE81D57E-63C7-4F0D-9985-D3C1D1393DA9}.Debug|Any CPU.Build.0 = Debug|Any CPU
		{BE81D57E-63C7-4F0D-9985-D3C1D1393DA9}.Release|Any CPU.ActiveCfg = Release|Any CPU
		{BE81D57E-63C7-4F0D-9985-D3C1D1393DA9}.Release|Any CPU.Build.0 = Release|Any CPU
		{132FDC4D-6CD8-40D9-BA30-D1C39E0E492F}.Debug|Any CPU.ActiveCfg = Debug|Any CPU
		{132FDC4D-6CD8-40D9-BA30-D1C39E0E492F}.Debug|Any CPU.Build.0 = Debug|Any CPU
		{132FDC4D-6CD8-40D9-BA30-D1C39E0E492F}.Release|Any CPU.ActiveCfg = Release|Any CPU
		{132FDC4D-6CD8-40D9-BA30-D1C39E0E492F}.Release|Any CPU.Build.0 = Release|Any CPU
	EndGlobalSection
	GlobalSection(SolutionProperties) = preSolution
		HideSolutionNode = FALSE
	EndGlobalSection
	GlobalSection(ExtensibilityGlobals) = postSolution
		SolutionGuid = {AACBED76-9FA9-46B0-855D-0E3FFF99A928}
	EndGlobalSection
EndGlobal
