
Microsoft Visual Studio Solution File, Format Version 12.00
# Visual Studio Version 16
VisualStudioVersion = 16.0.31025.194
MinimumVisualStudioVersion = 10.0.40219.1
Project("{FAE04EC0-301F-11D3-BF4B-00C04F79EFBC}") = "ConsoleApp1", "ConsoleApp1\ConsoleApp1.csproj", "{1CC8E0F7-083A-42A3-8C46-7EAF601D66FE}"
EndProject
Global
	GlobalSection(SolutionConfigurationPlatforms) = preSolution
		Debug|Any CPU = Debug|Any CPU
		Release|Any CPU = Release|Any CPU
	EndGlobalSection
	GlobalSection(ProjectConfigurationPlatforms) = postSolution
		{1CC8E0F7-083A-42A3-8C46-7EAF601D66FE}.Debug|Any CPU.ActiveCfg = Debug|Any CPU
		{1CC8E0F7-083A-42A3-8C46-7EAF601D66FE}.Debug|Any CPU.Build.0 = Debug|Any CPU
		{1CC8E0F7-083A-42A3-8C46-7EAF601D66FE}.Release|Any CPU.ActiveCfg = Release|Any CPU
		{1CC8E0F7-083A-42A3-8C46-7EAF601D66FE}.Release|Any CPU.Build.0 = Release|Any CPU
	EndGlobalSection
	GlobalSection(SolutionProperties) = preSolution
		HideSolutionNode = FALSE
	EndGlobalSection
	GlobalSection(ExtensibilityGlobals) = postSolution
		SolutionGuid = {EF4AF1BF-DB1E-422D-A9BE-6B47C21546DC}
	EndGlobalSection
EndGlobal
