
Microsoft Visual Studio Solution File, Format Version 12.00
# Visual Studio Version 17
VisualStudioVersion = 17.1.32407.343
MinimumVisualStudioVersion = 10.0.40219.1
Project("{FAE04EC0-301F-11D3-BF4B-00C04F79EFBC}") = "PriceMint.WinFrom", "PriceMint\PriceMint.WinFrom.csproj", "{ECC5A838-C1EC-4FC1-9C5B-47DDE10CB176}"
EndProject
Global
	GlobalSection(SolutionConfigurationPlatforms) = preSolution
		Debug|Any CPU = Debug|Any CPU
		Release|Any CPU = Release|Any CPU
	EndGlobalSection
	GlobalSection(ProjectConfigurationPlatforms) = postSolution
		{ECC5A838-C1EC-4FC1-9C5B-47DDE10CB176}.Debug|Any CPU.ActiveCfg = Debug|Any CPU
		{ECC5A838-C1EC-4FC1-9C5B-47DDE10CB176}.Debug|Any CPU.Build.0 = Debug|Any CPU
		{ECC5A838-C1EC-4FC1-9C5B-47DDE10CB176}.Release|Any CPU.ActiveCfg = Release|Any CPU
		{ECC5A838-C1EC-4FC1-9C5B-47DDE10CB176}.Release|Any CPU.Build.0 = Release|Any CPU
	EndGlobalSection
	GlobalSection(SolutionProperties) = preSolution
		HideSolutionNode = FALSE
	EndGlobalSection
	GlobalSection(ExtensibilityGlobals) = postSolution
		SolutionGuid = {B7FCE64C-7564-40E1-9DD5-BD48BD3204A4}
	EndGlobalSection
EndGlobal
