
Microsoft Visual Studio Solution File, Format Version 12.00
# Visual Studio Version 17
VisualStudioVersion = 17.1.32407.343
MinimumVisualStudioVersion = 10.0.40219.1
Project("{FAE04EC0-301F-11D3-BF4B-00C04F79EFBC}") = "Currency.Business", "Currecny.Business\Currency.Business.csproj", "{338DCE83-85D0-44D4-B729-A89A16EC3069}"
EndProject
Project("{FAE04EC0-301F-11D3-BF4B-00C04F79EFBC}") = "PriceMint.WinForm", "PriceMint.WinForm\PriceMint.WinForm.csproj", "{503251C6-58AB-404B-8F68-52DB70FFB70C}"
EndProject
Global
	GlobalSection(SolutionConfigurationPlatforms) = preSolution
		Debug|Any CPU = Debug|Any CPU
		Release|Any CPU = Release|Any CPU
	EndGlobalSection
	GlobalSection(ProjectConfigurationPlatforms) = postSolution
		{338DCE83-85D0-44D4-B729-A89A16EC3069}.Debug|Any CPU.ActiveCfg = Debug|Any CPU
		{338DCE83-85D0-44D4-B729-A89A16EC3069}.Debug|Any CPU.Build.0 = Debug|Any CPU
		{338DCE83-85D0-44D4-B729-A89A16EC3069}.Release|Any CPU.ActiveCfg = Release|Any CPU
		{338DCE83-85D0-44D4-B729-A89A16EC3069}.Release|Any CPU.Build.0 = Release|Any CPU
		{503251C6-58AB-404B-8F68-52DB70FFB70C}.Debug|Any CPU.ActiveCfg = Debug|Any CPU
		{503251C6-58AB-404B-8F68-52DB70FFB70C}.Debug|Any CPU.Build.0 = Debug|Any CPU
		{503251C6-58AB-404B-8F68-52DB70FFB70C}.Release|Any CPU.ActiveCfg = Release|Any CPU
		{503251C6-58AB-404B-8F68-52DB70FFB70C}.Release|Any CPU.Build.0 = Release|Any CPU
	EndGlobalSection
	GlobalSection(SolutionProperties) = preSolution
		HideSolutionNode = FALSE
	EndGlobalSection
	GlobalSection(ExtensibilityGlobals) = postSolution
		SolutionGuid = {B7FCE64C-7564-40E1-9DD5-BD48BD3204A4}
	EndGlobalSection
EndGlobal
