
Microsoft Visual Studio Solution File, Format Version 10.00
# Visual Studio 2008
Project("{FAE04EC0-301F-11D3-BF4B-00C04F79EFBC}") = "test2-vs90", "test2\test2-vs90.csproj", "{CE5036E7-4280-491C-A6C7-5A4A1A88AC8C}"
	ProjectSection(ProjectDependencies) = postProject
		{8D0CBC54-9E82-4FA1-8FFA-0AA14644E906} = {8D0CBC54-9E82-4FA1-8FFA-0AA14644E906}
		{B7E5946D-A918-490F-875B-B3218A12AFD5} = {B7E5946D-A918-490F-875B-B3218A12AFD5}
		{4F939CB9-E04C-4EE3-B1D6-0EF9C85B3394} = {4F939CB9-E04C-4EE3-B1D6-0EF9C85B3394}
		{557751BB-A714-4E21-A08C-0BB22EA2FCDF} = {557751BB-A714-4E21-A08C-0BB22EA2FCDF}
		{A6DFBDEF-116D-4D7F-BFE2-09309C91430D} = {A6DFBDEF-116D-4D7F-BFE2-09309C91430D}
	EndProjectSection
EndProject
Project("{FAE04EC0-301F-11D3-BF4B-00C04F79EFBC}") = "AkgoExporter-vs90", "AkgoExporter\AkgoExporter-vs90.csproj", "{8D0CBC54-9E82-4FA1-8FFA-0AA14644E906}"
	ProjectSection(ProjectDependencies) = postProject
		{46B9213D-7E75-4C66-978B-7C779EACC5AA} = {46B9213D-7E75-4C66-978B-7C779EACC5AA}
	EndProjectSection
EndProject
Project("{FAE04EC0-301F-11D3-BF4B-00C04F79EFBC}") = "WindowsApplication1-vs90", "WindowsApplication1\WindowsApplication1-vs90.csproj", "{F88321CE-EF19-4B75-979D-D5D4FD28F488}"
	ProjectSection(ProjectDependencies) = postProject
		{557751BB-A714-4E21-A08C-0BB22EA2FCDF} = {557751BB-A714-4E21-A08C-0BB22EA2FCDF}
	EndProjectSection
EndProject
Project("{FAE04EC0-301F-11D3-BF4B-00C04F79EFBC}") = "corelib-vs90", "corelib\corelib-vs90.csproj", "{557751BB-A714-4E21-A08C-0BB22EA2FCDF}"
EndProject
Project("{FAE04EC0-301F-11D3-BF4B-00C04F79EFBC}") = "RockMicoPlugin-vs90", "RockMicoPlugin\RockMicoPlugin-vs90.csproj", "{B7E5946D-A918-490F-875B-B3218A12AFD5}"
	ProjectSection(ProjectDependencies) = postProject
		{557751BB-A714-4E21-A08C-0BB22EA2FCDF} = {557751BB-A714-4E21-A08C-0BB22EA2FCDF}
	EndProjectSection
EndProject
Project("{FAE04EC0-301F-11D3-BF4B-00C04F79EFBC}") = "PgSqlStorage-vs90", "PgSqlStorage\PgSqlStorage-vs90.csproj", "{9CB9F2D2-64FE-4481-898A-2A574DC0FA96}"
	ProjectSection(ProjectDependencies) = postProject
		{557751BB-A714-4E21-A08C-0BB22EA2FCDF} = {557751BB-A714-4E21-A08C-0BB22EA2FCDF}
	EndProjectSection
EndProject
Project("{FAE04EC0-301F-11D3-BF4B-00C04F79EFBC}") = "AkgoSqlPlugin-vs90", "AkgoSqlDb\AkgoSqlPlugin-vs90.csproj", "{46B9213D-7E75-4C66-978B-7C779EACC5AA}"
EndProject
Project("{FAE04EC0-301F-11D3-BF4B-00C04F79EFBC}") = "Algorithms-vs90", "Algorithms\Algorithms-vs90.csproj", "{4F939CB9-E04C-4EE3-B1D6-0EF9C85B3394}"
	ProjectSection(ProjectDependencies) = postProject
		{557751BB-A714-4E21-A08C-0BB22EA2FCDF} = {557751BB-A714-4E21-A08C-0BB22EA2FCDF}
	EndProjectSection
EndProject
Project("{FAE04EC0-301F-11D3-BF4B-00C04F79EFBC}") = "SunBrowser-vs90", "SunBrowser\SunBrowser-vs90.csproj", "{F3ABFEF4-DC3D-424A-9EC3-01441A631088}"
EndProject
Project("{FAE04EC0-301F-11D3-BF4B-00C04F79EFBC}") = "RecoveryFactory-vs90", "RecoveryFactory\RecoveryFactory-vs90.csproj", "{423E1C58-E1E0-40F1-A92D-5FB348A327E4}"
EndProject
Project("{FAE04EC0-301F-11D3-BF4B-00C04F79EFBC}") = "SqlLiteStorage-vs90", "SqlLiteStorage\SqlLiteStorage-vs90.csproj", "{A6DFBDEF-116D-4D7F-BFE2-09309C91430D}"
EndProject
Project("{FAE04EC0-301F-11D3-BF4B-00C04F79EFBC}") = "BooPlugin-vs90", "BooPlugin\BooPlugin-vs90.csproj", "{CCDABECC-0427-4665-B4BC-50A46FE7EA30}"
EndProject
Project("{FAE04EC0-301F-11D3-BF4B-00C04F79EFBC}") = "lzmalib", "lzmalib\lzmalib.csproj", "{CEAE0A66-1285-4D1A-9C98-C1A76F0F5875}"
EndProject
Project("{FAE04EC0-301F-11D3-BF4B-00C04F79EFBC}") = "CorrectionPlugin-vs90", "CorrectionPlugin\CorrectionPlugin-vs90.csproj", "{53C9DBCF-D434-4FDE-9D43-8042F80DDEEB}"
EndProject
Project("{FAE04EC0-301F-11D3-BF4B-00C04F79EFBC}") = "AzotEmulation-vs90", "AzotEmulation-vs90\AzotEmulation-vs90.csproj", "{835452F0-CFC5-4CE5-8A92-B7BF3546D31B}"
EndProject
Project("{FAE04EC0-301F-11D3-BF4B-00C04F79EFBC}") = "EmulationComplex_vs90", "EmulationComplex_vs90\EmulationComplex_vs90.csproj", "{519ACEE0-4681-42F0-9346-415E57421A18}"
EndProject
Project("{FAE04EC0-301F-11D3-BF4B-00C04F79EFBC}") = "SkalaEmulation-vs90", "SkalaEmulation-vs90\SkalaEmulation-vs90.csproj", "{67F5A505-1597-4B75-A29D-EBB13D498368}"
EndProject
Project("{FAE04EC0-301F-11D3-BF4B-00C04F79EFBC}") = "Correction-vs90", "Correction-vs90\Correction-vs90.csproj", "{2FF07B81-AB55-42E0-A8EF-361F49D8A58F}"
EndProject
Project("{FAE04EC0-301F-11D3-BF4B-00C04F79EFBC}") = "ServiceEmulation", "ServiceEmulation\ServiceEmulation.csproj", "{FC06F4EF-4BD3-4FE9-97BA-53C1D27628FC}"
EndProject
Project("{FAE04EC0-301F-11D3-BF4B-00C04F79EFBC}") = "ServiceRecoveryEmulation", "ServiceRecoveryEmulation\ServiceRecoveryEmulation.csproj", "{2B6974B5-EC33-4E57-BA23-A59FB9AB44EE}"
EndProject
Project("{FAE04EC0-301F-11D3-BF4B-00C04F79EFBC}") = "TestServiceEmulation", "TestServiceEmulation\TestServiceEmulation.csproj", "{5FB4A5AB-152E-4B98-A545-B80462A3468C}"
EndProject
Project("{FAE04EC0-301F-11D3-BF4B-00C04F79EFBC}") = "Service_P1", "Service_P1\Service_P1.csproj", "{BE4D55AA-E300-47B2-AC65-D30CA7FA9B23}"
EndProject
Project("{54435603-DBB4-11D2-8724-00A0C9A8B90C}") = "Service_P1_Setup", "Service_P1_Setup\Service_P1_Setup.vdproj", "{9D9636F4-5356-4411-912E-7C83EB1B4EB6}"
EndProject
Project("{FAE04EC0-301F-11D3-BF4B-00C04F79EFBC}") = "Service_P2", "Service_P2\Service_P2.csproj", "{0DC763BE-9EEA-40E0-AA88-9A07E206B5F3}"
EndProject
Project("{54435603-DBB4-11D2-8724-00A0C9A8B90C}") = "Service_P2_Setup", "Service_P2_Setup\Service_P2_Setup.vdproj", "{E0D79CCE-787D-4AF0-8E13-752C651246CE}"
EndProject
Project("{FAE04EC0-301F-11D3-BF4B-00C04F79EFBC}") = "ComplexBrowser", "ComplexBrowser\ComplexBrowser.csproj", "{3B1DDD42-9410-4815-A741-EB7FDA566970}"
EndProject
Project("{FAE04EC0-301F-11D3-BF4B-00C04F79EFBC}") = "SunSql", "SunSql\SunSql.csproj", "{294A60A9-EF57-436E-8891-326B7D1594D5}"
EndProject
Project("{FAE04EC0-301F-11D3-BF4B-00C04F79EFBC}") = "RecoveryBaseVisualisator", "RecoveryBaseVisualisator\RecoveryBaseVisualisator.csproj", "{2C437D75-B515-4BDA-B638-D99B599EDD59}"
EndProject
Project("{FAE04EC0-301F-11D3-BF4B-00C04F79EFBC}") = "PluginMDX-vs90", "PluginMDX-vs90\PluginMDX-vs90.csproj", "{A95F9735-6B35-4E27-BE39-30917E709CBA}"
EndProject
Global
	GlobalSection(SolutionConfigurationPlatforms) = preSolution
		Debug_NET2|Any CPU = Debug_NET2|Any CPU
		Debug|Any CPU = Debug|Any CPU
		Release|Any CPU = Release|Any CPU
	EndGlobalSection
	GlobalSection(ProjectConfigurationPlatforms) = postSolution
		{CE5036E7-4280-491C-A6C7-5A4A1A88AC8C}.Debug_NET2|Any CPU.ActiveCfg = Debug_NET2|Any CPU
		{CE5036E7-4280-491C-A6C7-5A4A1A88AC8C}.Debug_NET2|Any CPU.Build.0 = Debug_NET2|Any CPU
		{CE5036E7-4280-491C-A6C7-5A4A1A88AC8C}.Debug|Any CPU.ActiveCfg = Debug|Any CPU
		{CE5036E7-4280-491C-A6C7-5A4A1A88AC8C}.Debug|Any CPU.Build.0 = Debug|Any CPU
		{CE5036E7-4280-491C-A6C7-5A4A1A88AC8C}.Release|Any CPU.ActiveCfg = Release|Any CPU
		{CE5036E7-4280-491C-A6C7-5A4A1A88AC8C}.Release|Any CPU.Build.0 = Release|Any CPU
		{8D0CBC54-9E82-4FA1-8FFA-0AA14644E906}.Debug_NET2|Any CPU.ActiveCfg = Debug_NET2|Any CPU
		{8D0CBC54-9E82-4FA1-8FFA-0AA14644E906}.Debug_NET2|Any CPU.Build.0 = Debug_NET2|Any CPU
		{8D0CBC54-9E82-4FA1-8FFA-0AA14644E906}.Debug|Any CPU.ActiveCfg = Debug|Any CPU
		{8D0CBC54-9E82-4FA1-8FFA-0AA14644E906}.Debug|Any CPU.Build.0 = Debug|Any CPU
		{8D0CBC54-9E82-4FA1-8FFA-0AA14644E906}.Release|Any CPU.ActiveCfg = Release|Any CPU
		{8D0CBC54-9E82-4FA1-8FFA-0AA14644E906}.Release|Any CPU.Build.0 = Release|Any CPU
		{F88321CE-EF19-4B75-979D-D5D4FD28F488}.Debug_NET2|Any CPU.ActiveCfg = Debug_NET2|Any CPU
		{F88321CE-EF19-4B75-979D-D5D4FD28F488}.Debug_NET2|Any CPU.Build.0 = Debug_NET2|Any CPU
		{F88321CE-EF19-4B75-979D-D5D4FD28F488}.Debug|Any CPU.ActiveCfg = Debug|Any CPU
		{F88321CE-EF19-4B75-979D-D5D4FD28F488}.Debug|Any CPU.Build.0 = Debug|Any CPU
		{F88321CE-EF19-4B75-979D-D5D4FD28F488}.Release|Any CPU.ActiveCfg = Release|Any CPU
		{F88321CE-EF19-4B75-979D-D5D4FD28F488}.Release|Any CPU.Build.0 = Release|Any CPU
		{557751BB-A714-4E21-A08C-0BB22EA2FCDF}.Debug_NET2|Any CPU.ActiveCfg = Debug_NET2|Any CPU
		{557751BB-A714-4E21-A08C-0BB22EA2FCDF}.Debug_NET2|Any CPU.Build.0 = Debug_NET2|Any CPU
		{557751BB-A714-4E21-A08C-0BB22EA2FCDF}.Debug|Any CPU.ActiveCfg = Debug|Any CPU
		{557751BB-A714-4E21-A08C-0BB22EA2FCDF}.Debug|Any CPU.Build.0 = Debug|Any CPU
		{557751BB-A714-4E21-A08C-0BB22EA2FCDF}.Release|Any CPU.ActiveCfg = Release|Any CPU
		{557751BB-A714-4E21-A08C-0BB22EA2FCDF}.Release|Any CPU.Build.0 = Release|Any CPU
		{B7E5946D-A918-490F-875B-B3218A12AFD5}.Debug_NET2|Any CPU.ActiveCfg = Debug_NET2|Any CPU
		{B7E5946D-A918-490F-875B-B3218A12AFD5}.Debug_NET2|Any CPU.Build.0 = Debug_NET2|Any CPU
		{B7E5946D-A918-490F-875B-B3218A12AFD5}.Debug|Any CPU.ActiveCfg = Debug|Any CPU
		{B7E5946D-A918-490F-875B-B3218A12AFD5}.Debug|Any CPU.Build.0 = Debug|Any CPU
		{B7E5946D-A918-490F-875B-B3218A12AFD5}.Release|Any CPU.ActiveCfg = Release|Any CPU
		{B7E5946D-A918-490F-875B-B3218A12AFD5}.Release|Any CPU.Build.0 = Release|Any CPU
		{9CB9F2D2-64FE-4481-898A-2A574DC0FA96}.Debug_NET2|Any CPU.ActiveCfg = Debug_NET2|Any CPU
		{9CB9F2D2-64FE-4481-898A-2A574DC0FA96}.Debug_NET2|Any CPU.Build.0 = Debug_NET2|Any CPU
		{9CB9F2D2-64FE-4481-898A-2A574DC0FA96}.Debug|Any CPU.ActiveCfg = Debug|Any CPU
		{9CB9F2D2-64FE-4481-898A-2A574DC0FA96}.Debug|Any CPU.Build.0 = Debug|Any CPU
		{9CB9F2D2-64FE-4481-898A-2A574DC0FA96}.Release|Any CPU.ActiveCfg = Release|Any CPU
		{9CB9F2D2-64FE-4481-898A-2A574DC0FA96}.Release|Any CPU.Build.0 = Release|Any CPU
		{46B9213D-7E75-4C66-978B-7C779EACC5AA}.Debug_NET2|Any CPU.ActiveCfg = Debug_NET2|Any CPU
		{46B9213D-7E75-4C66-978B-7C779EACC5AA}.Debug_NET2|Any CPU.Build.0 = Debug_NET2|Any CPU
		{46B9213D-7E75-4C66-978B-7C779EACC5AA}.Debug|Any CPU.ActiveCfg = Debug|Any CPU
		{46B9213D-7E75-4C66-978B-7C779EACC5AA}.Debug|Any CPU.Build.0 = Debug|Any CPU
		{46B9213D-7E75-4C66-978B-7C779EACC5AA}.Release|Any CPU.ActiveCfg = Release|Any CPU
		{46B9213D-7E75-4C66-978B-7C779EACC5AA}.Release|Any CPU.Build.0 = Release|Any CPU
		{4F939CB9-E04C-4EE3-B1D6-0EF9C85B3394}.Debug_NET2|Any CPU.ActiveCfg = Debug_NET2|Any CPU
		{4F939CB9-E04C-4EE3-B1D6-0EF9C85B3394}.Debug_NET2|Any CPU.Build.0 = Debug_NET2|Any CPU
		{4F939CB9-E04C-4EE3-B1D6-0EF9C85B3394}.Debug|Any CPU.ActiveCfg = Debug|Any CPU
		{4F939CB9-E04C-4EE3-B1D6-0EF9C85B3394}.Debug|Any CPU.Build.0 = Debug|Any CPU
		{4F939CB9-E04C-4EE3-B1D6-0EF9C85B3394}.Release|Any CPU.ActiveCfg = Release|Any CPU
		{4F939CB9-E04C-4EE3-B1D6-0EF9C85B3394}.Release|Any CPU.Build.0 = Release|Any CPU
		{F3ABFEF4-DC3D-424A-9EC3-01441A631088}.Debug_NET2|Any CPU.ActiveCfg = Debug_NET2|Any CPU
		{F3ABFEF4-DC3D-424A-9EC3-01441A631088}.Debug_NET2|Any CPU.Build.0 = Debug_NET2|Any CPU
		{F3ABFEF4-DC3D-424A-9EC3-01441A631088}.Debug|Any CPU.ActiveCfg = Debug|Any CPU
		{F3ABFEF4-DC3D-424A-9EC3-01441A631088}.Debug|Any CPU.Build.0 = Debug|Any CPU
		{F3ABFEF4-DC3D-424A-9EC3-01441A631088}.Release|Any CPU.ActiveCfg = Release|Any CPU
		{F3ABFEF4-DC3D-424A-9EC3-01441A631088}.Release|Any CPU.Build.0 = Release|Any CPU
		{423E1C58-E1E0-40F1-A92D-5FB348A327E4}.Debug_NET2|Any CPU.ActiveCfg = Debug_NET2|Any CPU
		{423E1C58-E1E0-40F1-A92D-5FB348A327E4}.Debug_NET2|Any CPU.Build.0 = Debug_NET2|Any CPU
		{423E1C58-E1E0-40F1-A92D-5FB348A327E4}.Debug|Any CPU.ActiveCfg = Debug|Any CPU
		{423E1C58-E1E0-40F1-A92D-5FB348A327E4}.Debug|Any CPU.Build.0 = Debug|Any CPU
		{423E1C58-E1E0-40F1-A92D-5FB348A327E4}.Release|Any CPU.ActiveCfg = Release|Any CPU
		{423E1C58-E1E0-40F1-A92D-5FB348A327E4}.Release|Any CPU.Build.0 = Release|Any CPU
		{A6DFBDEF-116D-4D7F-BFE2-09309C91430D}.Debug_NET2|Any CPU.ActiveCfg = Debug_NET2|Any CPU
		{A6DFBDEF-116D-4D7F-BFE2-09309C91430D}.Debug_NET2|Any CPU.Build.0 = Debug_NET2|Any CPU
		{A6DFBDEF-116D-4D7F-BFE2-09309C91430D}.Debug|Any CPU.ActiveCfg = Debug|Any CPU
		{A6DFBDEF-116D-4D7F-BFE2-09309C91430D}.Debug|Any CPU.Build.0 = Debug|Any CPU
		{A6DFBDEF-116D-4D7F-BFE2-09309C91430D}.Release|Any CPU.ActiveCfg = Release|Any CPU
		{A6DFBDEF-116D-4D7F-BFE2-09309C91430D}.Release|Any CPU.Build.0 = Release|Any CPU
		{CCDABECC-0427-4665-B4BC-50A46FE7EA30}.Debug_NET2|Any CPU.ActiveCfg = Debug|Any CPU
		{CCDABECC-0427-4665-B4BC-50A46FE7EA30}.Debug_NET2|Any CPU.Build.0 = Debug|Any CPU
		{CCDABECC-0427-4665-B4BC-50A46FE7EA30}.Debug|Any CPU.ActiveCfg = Debug|Any CPU
		{CCDABECC-0427-4665-B4BC-50A46FE7EA30}.Debug|Any CPU.Build.0 = Debug|Any CPU
		{CCDABECC-0427-4665-B4BC-50A46FE7EA30}.Release|Any CPU.ActiveCfg = Release|Any CPU
		{CCDABECC-0427-4665-B4BC-50A46FE7EA30}.Release|Any CPU.Build.0 = Release|Any CPU
		{CEAE0A66-1285-4D1A-9C98-C1A76F0F5875}.Debug_NET2|Any CPU.ActiveCfg = Debug|Any CPU
		{CEAE0A66-1285-4D1A-9C98-C1A76F0F5875}.Debug_NET2|Any CPU.Build.0 = Debug|Any CPU
		{CEAE0A66-1285-4D1A-9C98-C1A76F0F5875}.Debug|Any CPU.ActiveCfg = Debug|Any CPU
		{CEAE0A66-1285-4D1A-9C98-C1A76F0F5875}.Debug|Any CPU.Build.0 = Debug|Any CPU
		{CEAE0A66-1285-4D1A-9C98-C1A76F0F5875}.Release|Any CPU.ActiveCfg = Release|Any CPU
		{CEAE0A66-1285-4D1A-9C98-C1A76F0F5875}.Release|Any CPU.Build.0 = Release|Any CPU
		{53C9DBCF-D434-4FDE-9D43-8042F80DDEEB}.Debug_NET2|Any CPU.ActiveCfg = Debug|Any CPU
		{53C9DBCF-D434-4FDE-9D43-8042F80DDEEB}.Debug_NET2|Any CPU.Build.0 = Debug|Any CPU
		{53C9DBCF-D434-4FDE-9D43-8042F80DDEEB}.Debug|Any CPU.ActiveCfg = Debug|Any CPU
		{53C9DBCF-D434-4FDE-9D43-8042F80DDEEB}.Debug|Any CPU.Build.0 = Debug|Any CPU
		{53C9DBCF-D434-4FDE-9D43-8042F80DDEEB}.Release|Any CPU.ActiveCfg = Release|Any CPU
		{53C9DBCF-D434-4FDE-9D43-8042F80DDEEB}.Release|Any CPU.Build.0 = Release|Any CPU
		{835452F0-CFC5-4CE5-8A92-B7BF3546D31B}.Debug_NET2|Any CPU.ActiveCfg = Debug|Any CPU
		{835452F0-CFC5-4CE5-8A92-B7BF3546D31B}.Debug_NET2|Any CPU.Build.0 = Debug|Any CPU
		{835452F0-CFC5-4CE5-8A92-B7BF3546D31B}.Debug|Any CPU.ActiveCfg = Debug|Any CPU
		{835452F0-CFC5-4CE5-8A92-B7BF3546D31B}.Debug|Any CPU.Build.0 = Debug|Any CPU
		{835452F0-CFC5-4CE5-8A92-B7BF3546D31B}.Release|Any CPU.ActiveCfg = Release|Any CPU
		{835452F0-CFC5-4CE5-8A92-B7BF3546D31B}.Release|Any CPU.Build.0 = Release|Any CPU
		{519ACEE0-4681-42F0-9346-415E57421A18}.Debug_NET2|Any CPU.ActiveCfg = Debug|Any CPU
		{519ACEE0-4681-42F0-9346-415E57421A18}.Debug_NET2|Any CPU.Build.0 = Debug|Any CPU
		{519ACEE0-4681-42F0-9346-415E57421A18}.Debug|Any CPU.ActiveCfg = Debug|Any CPU
		{519ACEE0-4681-42F0-9346-415E57421A18}.Debug|Any CPU.Build.0 = Debug|Any CPU
		{519ACEE0-4681-42F0-9346-415E57421A18}.Release|Any CPU.ActiveCfg = Release|Any CPU
		{519ACEE0-4681-42F0-9346-415E57421A18}.Release|Any CPU.Build.0 = Release|Any CPU
		{67F5A505-1597-4B75-A29D-EBB13D498368}.Debug_NET2|Any CPU.ActiveCfg = Debug|Any CPU
		{67F5A505-1597-4B75-A29D-EBB13D498368}.Debug_NET2|Any CPU.Build.0 = Debug|Any CPU
		{67F5A505-1597-4B75-A29D-EBB13D498368}.Debug|Any CPU.ActiveCfg = Debug|Any CPU
		{67F5A505-1597-4B75-A29D-EBB13D498368}.Debug|Any CPU.Build.0 = Debug|Any CPU
		{67F5A505-1597-4B75-A29D-EBB13D498368}.Release|Any CPU.ActiveCfg = Release|Any CPU
		{67F5A505-1597-4B75-A29D-EBB13D498368}.Release|Any CPU.Build.0 = Release|Any CPU
		{2FF07B81-AB55-42E0-A8EF-361F49D8A58F}.Debug_NET2|Any CPU.ActiveCfg = Debug|Any CPU
		{2FF07B81-AB55-42E0-A8EF-361F49D8A58F}.Debug_NET2|Any CPU.Build.0 = Debug|Any CPU
		{2FF07B81-AB55-42E0-A8EF-361F49D8A58F}.Debug|Any CPU.ActiveCfg = Debug|Any CPU
		{2FF07B81-AB55-42E0-A8EF-361F49D8A58F}.Debug|Any CPU.Build.0 = Debug|Any CPU
		{2FF07B81-AB55-42E0-A8EF-361F49D8A58F}.Release|Any CPU.ActiveCfg = Release|Any CPU
		{2FF07B81-AB55-42E0-A8EF-361F49D8A58F}.Release|Any CPU.Build.0 = Release|Any CPU
		{FC06F4EF-4BD3-4FE9-97BA-53C1D27628FC}.Debug_NET2|Any CPU.ActiveCfg = Debug|Any CPU
		{FC06F4EF-4BD3-4FE9-97BA-53C1D27628FC}.Debug_NET2|Any CPU.Build.0 = Debug|Any CPU
		{FC06F4EF-4BD3-4FE9-97BA-53C1D27628FC}.Debug|Any CPU.ActiveCfg = Debug|Any CPU
		{FC06F4EF-4BD3-4FE9-97BA-53C1D27628FC}.Debug|Any CPU.Build.0 = Debug|Any CPU
		{FC06F4EF-4BD3-4FE9-97BA-53C1D27628FC}.Release|Any CPU.ActiveCfg = Release|Any CPU
		{FC06F4EF-4BD3-4FE9-97BA-53C1D27628FC}.Release|Any CPU.Build.0 = Release|Any CPU
		{2B6974B5-EC33-4E57-BA23-A59FB9AB44EE}.Debug_NET2|Any CPU.ActiveCfg = Debug|Any CPU
		{2B6974B5-EC33-4E57-BA23-A59FB9AB44EE}.Debug_NET2|Any CPU.Build.0 = Debug|Any CPU
		{2B6974B5-EC33-4E57-BA23-A59FB9AB44EE}.Debug|Any CPU.ActiveCfg = Debug|Any CPU
		{2B6974B5-EC33-4E57-BA23-A59FB9AB44EE}.Debug|Any CPU.Build.0 = Debug|Any CPU
		{2B6974B5-EC33-4E57-BA23-A59FB9AB44EE}.Release|Any CPU.ActiveCfg = Release|Any CPU
		{2B6974B5-EC33-4E57-BA23-A59FB9AB44EE}.Release|Any CPU.Build.0 = Release|Any CPU
		{5FB4A5AB-152E-4B98-A545-B80462A3468C}.Debug_NET2|Any CPU.ActiveCfg = Debug|Any CPU
		{5FB4A5AB-152E-4B98-A545-B80462A3468C}.Debug_NET2|Any CPU.Build.0 = Debug|Any CPU
		{5FB4A5AB-152E-4B98-A545-B80462A3468C}.Debug|Any CPU.ActiveCfg = Debug|Any CPU
		{5FB4A5AB-152E-4B98-A545-B80462A3468C}.Debug|Any CPU.Build.0 = Debug|Any CPU
		{5FB4A5AB-152E-4B98-A545-B80462A3468C}.Release|Any CPU.ActiveCfg = Release|Any CPU
		{5FB4A5AB-152E-4B98-A545-B80462A3468C}.Release|Any CPU.Build.0 = Release|Any CPU
		{BE4D55AA-E300-47B2-AC65-D30CA7FA9B23}.Debug_NET2|Any CPU.ActiveCfg = Debug|Any CPU
		{BE4D55AA-E300-47B2-AC65-D30CA7FA9B23}.Debug_NET2|Any CPU.Build.0 = Debug|Any CPU
		{BE4D55AA-E300-47B2-AC65-D30CA7FA9B23}.Debug|Any CPU.ActiveCfg = Debug|Any CPU
		{BE4D55AA-E300-47B2-AC65-D30CA7FA9B23}.Debug|Any CPU.Build.0 = Debug|Any CPU
		{BE4D55AA-E300-47B2-AC65-D30CA7FA9B23}.Release|Any CPU.ActiveCfg = Release|Any CPU
		{BE4D55AA-E300-47B2-AC65-D30CA7FA9B23}.Release|Any CPU.Build.0 = Release|Any CPU
		{9D9636F4-5356-4411-912E-7C83EB1B4EB6}.Debug_NET2|Any CPU.ActiveCfg = Debug
		{9D9636F4-5356-4411-912E-7C83EB1B4EB6}.Debug|Any CPU.ActiveCfg = Debug
		{9D9636F4-5356-4411-912E-7C83EB1B4EB6}.Release|Any CPU.ActiveCfg = Release
		{0DC763BE-9EEA-40E0-AA88-9A07E206B5F3}.Debug_NET2|Any CPU.ActiveCfg = Debug|Any CPU
		{0DC763BE-9EEA-40E0-AA88-9A07E206B5F3}.Debug_NET2|Any CPU.Build.0 = Debug|Any CPU
		{0DC763BE-9EEA-40E0-AA88-9A07E206B5F3}.Debug|Any CPU.ActiveCfg = Debug|Any CPU
		{0DC763BE-9EEA-40E0-AA88-9A07E206B5F3}.Debug|Any CPU.Build.0 = Debug|Any CPU
		{0DC763BE-9EEA-40E0-AA88-9A07E206B5F3}.Release|Any CPU.ActiveCfg = Release|Any CPU
		{0DC763BE-9EEA-40E0-AA88-9A07E206B5F3}.Release|Any CPU.Build.0 = Release|Any CPU
		{E0D79CCE-787D-4AF0-8E13-752C651246CE}.Debug_NET2|Any CPU.ActiveCfg = Debug
		{E0D79CCE-787D-4AF0-8E13-752C651246CE}.Debug|Any CPU.ActiveCfg = Debug
		{E0D79CCE-787D-4AF0-8E13-752C651246CE}.Release|Any CPU.ActiveCfg = Release
		{3B1DDD42-9410-4815-A741-EB7FDA566970}.Debug_NET2|Any CPU.ActiveCfg = Debug|Any CPU
		{3B1DDD42-9410-4815-A741-EB7FDA566970}.Debug_NET2|Any CPU.Build.0 = Debug|Any CPU
		{3B1DDD42-9410-4815-A741-EB7FDA566970}.Debug|Any CPU.ActiveCfg = Debug|Any CPU
		{3B1DDD42-9410-4815-A741-EB7FDA566970}.Debug|Any CPU.Build.0 = Debug|Any CPU
		{3B1DDD42-9410-4815-A741-EB7FDA566970}.Release|Any CPU.ActiveCfg = Release|Any CPU
		{3B1DDD42-9410-4815-A741-EB7FDA566970}.Release|Any CPU.Build.0 = Release|Any CPU
		{294A60A9-EF57-436E-8891-326B7D1594D5}.Debug_NET2|Any CPU.ActiveCfg = Debug|Any CPU
		{294A60A9-EF57-436E-8891-326B7D1594D5}.Debug_NET2|Any CPU.Build.0 = Debug|Any CPU
		{294A60A9-EF57-436E-8891-326B7D1594D5}.Debug|Any CPU.ActiveCfg = Debug|Any CPU
		{294A60A9-EF57-436E-8891-326B7D1594D5}.Debug|Any CPU.Build.0 = Debug|Any CPU
		{294A60A9-EF57-436E-8891-326B7D1594D5}.Release|Any CPU.ActiveCfg = Release|Any CPU
		{294A60A9-EF57-436E-8891-326B7D1594D5}.Release|Any CPU.Build.0 = Release|Any CPU
		{2C437D75-B515-4BDA-B638-D99B599EDD59}.Debug_NET2|Any CPU.ActiveCfg = Debug|Any CPU
		{2C437D75-B515-4BDA-B638-D99B599EDD59}.Debug_NET2|Any CPU.Build.0 = Debug|Any CPU
		{2C437D75-B515-4BDA-B638-D99B599EDD59}.Debug|Any CPU.ActiveCfg = Debug|Any CPU
		{2C437D75-B515-4BDA-B638-D99B599EDD59}.Debug|Any CPU.Build.0 = Debug|Any CPU
		{2C437D75-B515-4BDA-B638-D99B599EDD59}.Release|Any CPU.ActiveCfg = Release|Any CPU
		{2C437D75-B515-4BDA-B638-D99B599EDD59}.Release|Any CPU.Build.0 = Release|Any CPU
		{A95F9735-6B35-4E27-BE39-30917E709CBA}.Debug_NET2|Any CPU.ActiveCfg = Debug|Any CPU
		{A95F9735-6B35-4E27-BE39-30917E709CBA}.Debug_NET2|Any CPU.Build.0 = Debug|Any CPU
		{A95F9735-6B35-4E27-BE39-30917E709CBA}.Debug|Any CPU.ActiveCfg = Debug|Any CPU
		{A95F9735-6B35-4E27-BE39-30917E709CBA}.Debug|Any CPU.Build.0 = Debug|Any CPU
		{A95F9735-6B35-4E27-BE39-30917E709CBA}.Release|Any CPU.ActiveCfg = Release|Any CPU
		{A95F9735-6B35-4E27-BE39-30917E709CBA}.Release|Any CPU.Build.0 = Release|Any CPU
	EndGlobalSection
	GlobalSection(SolutionProperties) = preSolution
		HideSolutionNode = FALSE
	EndGlobalSection
EndGlobal
