Microsoft Visual Studio Solution File, Format Version 8.00
Project("{FAE04EC0-301F-11D3-BF4B-00C04F79EFBC}") = "corelib-ms11", "corelib\corelib-ms11.csproj", "{DD943302-DA3C-4C0F-A8BF-33208F2A1DDA}"
	ProjectSection(ProjectDependencies) = postProject
	EndProjectSection
EndProject
Project("{FAE04EC0-301F-11D3-BF4B-00C04F79EFBC}") = "PgSqlStorage-ms11", "PgSqlStorage\PgSqlStorage-ms11.csproj", "{0ABFBCF3-9EF0-460B-98C9-3FA59DE9D7B3}"
	ProjectSection(ProjectDependencies) = postProject
	EndProjectSection
EndProject
Project("{FAE04EC0-301F-11D3-BF4B-00C04F79EFBC}") = "RockMicoPlugin-ms11", "RockMicoPlugin\RockMicoPlugin-ms11.csproj", "{0B1C3265-977C-448E-A833-0536A4A7DC44}"
	ProjectSection(ProjectDependencies) = postProject
	EndProjectSection
EndProject
Project("{FAE04EC0-301F-11D3-BF4B-00C04F79EFBC}") = "AkgoExporter-ms11", "AkgoExporter\AkgoExporter-ms11.csproj", "{642FF4BD-6589-4A72-AB3B-C7D644EEA3ED}"
	ProjectSection(ProjectDependencies) = postProject
	EndProjectSection
EndProject
Project("{FAE04EC0-301F-11D3-BF4B-00C04F79EFBC}") = "test2-ms11", "test2\test2-ms11.csproj", "{5626006F-6655-4398-96D8-042A3A0AFA8C}"
	ProjectSection(ProjectDependencies) = postProject
		{642FF4BD-6589-4A72-AB3B-C7D644EEA3ED} = {642FF4BD-6589-4A72-AB3B-C7D644EEA3ED}
	EndProjectSection
EndProject
Project("{FAE04EC0-301F-11D3-BF4B-00C04F79EFBC}") = "SunBrowser-ms11", "SunBrowser\SunBrowser-ms11.csproj", "{F3ABFEF4-DC3D-424A-9EC3-01441A631088}"
	ProjectSection(ProjectDependencies) = postProject
		{3ED1610A-84B5-469B-BDDC-A9D0C07D95DB} = {3ED1610A-84B5-469B-BDDC-A9D0C07D95DB}
	EndProjectSection
EndProject
Project("{FAE04EC0-301F-11D3-BF4B-00C04F79EFBC}") = "WindowsApplication1-ms11", "WindowsApplication1\WindowsApplication1-ms11.csproj", "{3ED1610A-84B5-469B-BDDC-A9D0C07D95DB}"
	ProjectSection(ProjectDependencies) = postProject
	EndProjectSection
EndProject
Project("{FAE04EC0-301F-11D3-BF4B-00C04F79EFBC}") = "AkgoSqlDb-ms11", "AkgoSqlDb\AkgoSqlDb-ms11.csproj", "{A8C469C8-6BAD-4D5E-993D-CA7216299172}"
	ProjectSection(ProjectDependencies) = postProject
	EndProjectSection
EndProject
Project("{FAE04EC0-301F-11D3-BF4B-00C04F79EFBC}") = "Algorithms-ms11", "Algorithms\Algorithms-ms11.csproj", "{9B9CADCF-AB11-4814-9811-5C221761AEF8}"
	ProjectSection(ProjectDependencies) = postProject
	EndProjectSection
EndProject
Project("{FAE04EC0-301F-11D3-BF4B-00C04F79EFBC}") = "RecoveryFactory-ms11", "RecoveryFactory\RecoveryFactory-ms11.csproj", "{E18589A9-0947-4334-9D47-CB3F06E364F1}"
	ProjectSection(ProjectDependencies) = postProject
	EndProjectSection
EndProject
Global
	GlobalSection(SolutionConfiguration) = preSolution
		Debug = Debug
		Release = Release
	EndGlobalSection
	GlobalSection(ProjectDependencies) = postSolution
	EndGlobalSection
	GlobalSection(ProjectConfiguration) = postSolution
		{DD943302-DA3C-4C0F-A8BF-33208F2A1DDA}.Debug.ActiveCfg = Debug|.NET
		{DD943302-DA3C-4C0F-A8BF-33208F2A1DDA}.Debug.Build.0 = Debug|.NET
		{DD943302-DA3C-4C0F-A8BF-33208F2A1DDA}.Release.ActiveCfg = Release|.NET
		{DD943302-DA3C-4C0F-A8BF-33208F2A1DDA}.Release.Build.0 = Release|.NET
		{0ABFBCF3-9EF0-460B-98C9-3FA59DE9D7B3}.Debug.ActiveCfg = Debug|.NET
		{0ABFBCF3-9EF0-460B-98C9-3FA59DE9D7B3}.Debug.Build.0 = Debug|.NET
		{0ABFBCF3-9EF0-460B-98C9-3FA59DE9D7B3}.Release.ActiveCfg = Release|.NET
		{0ABFBCF3-9EF0-460B-98C9-3FA59DE9D7B3}.Release.Build.0 = Release|.NET
		{0B1C3265-977C-448E-A833-0536A4A7DC44}.Debug.ActiveCfg = Debug|.NET
		{0B1C3265-977C-448E-A833-0536A4A7DC44}.Debug.Build.0 = Debug|.NET
		{0B1C3265-977C-448E-A833-0536A4A7DC44}.Release.ActiveCfg = Release|.NET
		{0B1C3265-977C-448E-A833-0536A4A7DC44}.Release.Build.0 = Release|.NET
		{642FF4BD-6589-4A72-AB3B-C7D644EEA3ED}.Debug.ActiveCfg = Debug|.NET
		{642FF4BD-6589-4A72-AB3B-C7D644EEA3ED}.Debug.Build.0 = Debug|.NET
		{642FF4BD-6589-4A72-AB3B-C7D644EEA3ED}.Release.ActiveCfg = Release|.NET
		{642FF4BD-6589-4A72-AB3B-C7D644EEA3ED}.Release.Build.0 = Release|.NET
		{5626006F-6655-4398-96D8-042A3A0AFA8C}.Debug.ActiveCfg = Debug|.NET
		{5626006F-6655-4398-96D8-042A3A0AFA8C}.Debug.Build.0 = Debug|.NET
		{5626006F-6655-4398-96D8-042A3A0AFA8C}.Release.ActiveCfg = Release|.NET
		{5626006F-6655-4398-96D8-042A3A0AFA8C}.Release.Build.0 = Release|.NET
		{F3ABFEF4-DC3D-424A-9EC3-01441A631088}.Debug.ActiveCfg = Debug|.NET
		{F3ABFEF4-DC3D-424A-9EC3-01441A631088}.Debug.Build.0 = Debug|.NET
		{F3ABFEF4-DC3D-424A-9EC3-01441A631088}.Release.ActiveCfg = Release|.NET
		{F3ABFEF4-DC3D-424A-9EC3-01441A631088}.Release.Build.0 = Release|.NET
		{3ED1610A-84B5-469B-BDDC-A9D0C07D95DB}.Debug.ActiveCfg = Debug|.NET
		{3ED1610A-84B5-469B-BDDC-A9D0C07D95DB}.Debug.Build.0 = Debug|.NET
		{3ED1610A-84B5-469B-BDDC-A9D0C07D95DB}.Release.ActiveCfg = Release|.NET
		{3ED1610A-84B5-469B-BDDC-A9D0C07D95DB}.Release.Build.0 = Release|.NET
		{A8C469C8-6BAD-4D5E-993D-CA7216299172}.Debug.ActiveCfg = Debug|.NET
		{A8C469C8-6BAD-4D5E-993D-CA7216299172}.Debug.Build.0 = Debug|.NET
		{A8C469C8-6BAD-4D5E-993D-CA7216299172}.Release.ActiveCfg = Release|.NET
		{A8C469C8-6BAD-4D5E-993D-CA7216299172}.Release.Build.0 = Release|.NET
		{9B9CADCF-AB11-4814-9811-5C221761AEF8}.Debug.ActiveCfg = Debug|.NET
		{9B9CADCF-AB11-4814-9811-5C221761AEF8}.Debug.Build.0 = Debug|.NET
		{9B9CADCF-AB11-4814-9811-5C221761AEF8}.Release.ActiveCfg = Release|.NET
		{9B9CADCF-AB11-4814-9811-5C221761AEF8}.Release.Build.0 = Release|.NET
		{E18589A9-0947-4334-9D47-CB3F06E364F1}.Debug.ActiveCfg = Debug|.NET
		{E18589A9-0947-4334-9D47-CB3F06E364F1}.Debug.Build.0 = Debug|.NET
		{E18589A9-0947-4334-9D47-CB3F06E364F1}.Release.ActiveCfg = Release|.NET
		{E18589A9-0947-4334-9D47-CB3F06E364F1}.Release.Build.0 = Release|.NET
	EndGlobalSection
	GlobalSection(ExtensibilityGlobals) = postSolution
	EndGlobalSection
	GlobalSection(ExtensibilityAddIns) = postSolution
	EndGlobalSection
EndGlobal
