
Microsoft Visual Studio Solution File, Format Version 12.00
# Visual Studio Version 16
VisualStudioVersion = 16.0.810.21
MinimumVisualStudioVersion = 10.0.40219.1
Project("{FAE04EC0-301F-11D3-BF4B-00C04F79EFBC}") = "SynapticProblemsLINQ", "SynapticProblemsLINQ\SynapticProblemsLINQ.csproj", "{9884FDD5-5546-425B-A9E5-FEB16509499D}"
EndProject
Global
	GlobalSection(SolutionConfigurationPlatforms) = preSolution
		Debug|Any CPU = Debug|Any CPU
		Release|Any CPU = Release|Any CPU
	EndGlobalSection
	GlobalSection(ProjectConfigurationPlatforms) = postSolution
		{9884FDD5-5546-425B-A9E5-FEB16509499D}.Debug|Any CPU.ActiveCfg = Debug|Any CPU
		{9884FDD5-5546-425B-A9E5-FEB16509499D}.Debug|Any CPU.Build.0 = Debug|Any CPU
		{9884FDD5-5546-425B-A9E5-FEB16509499D}.Release|Any CPU.ActiveCfg = Release|Any CPU
		{9884FDD5-5546-425B-A9E5-FEB16509499D}.Release|Any CPU.Build.0 = Release|Any CPU
	EndGlobalSection
	GlobalSection(SolutionProperties) = preSolution
		HideSolutionNode = FALSE
	EndGlobalSection
	GlobalSection(ExtensibilityGlobals) = postSolution
		SolutionGuid = {49E92F72-48AF-4595-AE81-944B80B651DE}
	EndGlobalSection
EndGlobal
