
Microsoft Visual Studio Solution File, Format Version 12.00
# Visual Studio 15
VisualStudioVersion = 15.0.26124.0
MinimumVisualStudioVersion = 15.0.26124.0
Project("{FAE04EC0-301F-11D3-BF4B-00C04F79EFBC}") = "WebApi", "WebApi\WebApi.csproj", "{EB9B1968-1C56-457A-9353-86CCD6AF7FB0}"
EndProject
Project("{FAE04EC0-301F-11D3-BF4B-00C04F79EFBC}") = "Tests", "Tests\Tests.csproj", "{EEDFCBD4-D043-419E-BA53-2A4956B143DF}"
EndProject
Global
	GlobalSection(SolutionConfigurationPlatforms) = preSolution
		Debug|Any CPU = Debug|Any CPU
		Debug|x64 = Debug|x64
		Debug|x86 = Debug|x86
		Release|Any CPU = Release|Any CPU
		Release|x64 = Release|x64
		Release|x86 = Release|x86
	EndGlobalSection
	GlobalSection(SolutionProperties) = preSolution
		HideSolutionNode = FALSE
	EndGlobalSection
	GlobalSection(ProjectConfigurationPlatforms) = postSolution
		{EB9B1968-1C56-457A-9353-86CCD6AF7FB0}.Debug|Any CPU.ActiveCfg = Debug|Any CPU
		{EB9B1968-1C56-457A-9353-86CCD6AF7FB0}.Debug|Any CPU.Build.0 = Debug|Any CPU
		{EB9B1968-1C56-457A-9353-86CCD6AF7FB0}.Debug|x64.ActiveCfg = Debug|Any CPU
		{EB9B1968-1C56-457A-9353-86CCD6AF7FB0}.Debug|x64.Build.0 = Debug|Any CPU
		{EB9B1968-1C56-457A-9353-86CCD6AF7FB0}.Debug|x86.ActiveCfg = Debug|Any CPU
		{EB9B1968-1C56-457A-9353-86CCD6AF7FB0}.Debug|x86.Build.0 = Debug|Any CPU
		{EB9B1968-1C56-457A-9353-86CCD6AF7FB0}.Release|Any CPU.ActiveCfg = Release|Any CPU
		{EB9B1968-1C56-457A-9353-86CCD6AF7FB0}.Release|Any CPU.Build.0 = Release|Any CPU
		{EB9B1968-1C56-457A-9353-86CCD6AF7FB0}.Release|x64.ActiveCfg = Release|Any CPU
		{EB9B1968-1C56-457A-9353-86CCD6AF7FB0}.Release|x64.Build.0 = Release|Any CPU
		{EB9B1968-1C56-457A-9353-86CCD6AF7FB0}.Release|x86.ActiveCfg = Release|Any CPU
		{EB9B1968-1C56-457A-9353-86CCD6AF7FB0}.Release|x86.Build.0 = Release|Any CPU
		{EEDFCBD4-D043-419E-BA53-2A4956B143DF}.Debug|Any CPU.ActiveCfg = Debug|Any CPU
		{EEDFCBD4-D043-419E-BA53-2A4956B143DF}.Debug|Any CPU.Build.0 = Debug|Any CPU
		{EEDFCBD4-D043-419E-BA53-2A4956B143DF}.Debug|x64.ActiveCfg = Debug|Any CPU
		{EEDFCBD4-D043-419E-BA53-2A4956B143DF}.Debug|x64.Build.0 = Debug|Any CPU
		{EEDFCBD4-D043-419E-BA53-2A4956B143DF}.Debug|x86.ActiveCfg = Debug|Any CPU
		{EEDFCBD4-D043-419E-BA53-2A4956B143DF}.Debug|x86.Build.0 = Debug|Any CPU
		{EEDFCBD4-D043-419E-BA53-2A4956B143DF}.Release|Any CPU.ActiveCfg = Release|Any CPU
		{EEDFCBD4-D043-419E-BA53-2A4956B143DF}.Release|Any CPU.Build.0 = Release|Any CPU
		{EEDFCBD4-D043-419E-BA53-2A4956B143DF}.Release|x64.ActiveCfg = Release|Any CPU
		{EEDFCBD4-D043-419E-BA53-2A4956B143DF}.Release|x64.Build.0 = Release|Any CPU
		{EEDFCBD4-D043-419E-BA53-2A4956B143DF}.Release|x86.ActiveCfg = Release|Any CPU
		{EEDFCBD4-D043-419E-BA53-2A4956B143DF}.Release|x86.Build.0 = Release|Any CPU
	EndGlobalSection
EndGlobal
